
Microsoft Visual Studio Solution File, Format Version 12.00
# Visual Studio Version 16
VisualStudioVersion = 16.0.30310.162
MinimumVisualStudioVersion = 10.0.40219.1
Project("{9A19103F-16F7-4668-BE54-9A1E7A4F7556}") = "ExactOnline.Client.Sdk", "src\ExactOnline.Client.Sdk\ExactOnline.Client.Sdk.csproj", "{EE442AA1-C51A-4531-92DA-A7D9C7B73973}"
EndProject
Project("{2150E333-8FDC-42A3-9474-1A3956D46DE8}") = "test", "test", "{3F1610DB-DF11-43C3-B024-427B17186896}"
EndProject
Project("{9A19103F-16F7-4668-BE54-9A1E7A4F7556}") = "ExactOnline.Client.Models", "src\ExactOnline.Client.Models\ExactOnline.Client.Models.csproj", "{0FBE029A-DD5E-0A4A-3EE2-6F330EB60B7C}"
EndProject
Project("{2150E333-8FDC-42A3-9474-1A3956D46DE8}") = ".sln", ".sln", "{A8C5BF93-0949-458B-B185-E85100F746FD}"
	ProjectSection(SolutionItems) = preProject
		.editorconfig = .editorconfig
		.gitignore = .gitignore
		LICENSE.txt = LICENSE.txt
		PACKAGE_ICON.png = PACKAGE_ICON.png
		README.md = README.md
	EndProjectSection
EndProject
Project("{9A19103F-16F7-4668-BE54-9A1E7A4F7556}") = "ExactOnline.Client.Sdk.UnitTests", "test\ExactOnline.Client.Sdk.UnitTests\ExactOnline.Client.Sdk.UnitTests.csproj", "{9F79281E-4A16-4B11-BF2D-83C9412B866B}"
EndProject
Project("{2150E333-8FDC-42A3-9474-1A3956D46DE8}") = "src", "src", "{B2501CE5-90FE-468A-9614-BB6D9093508D}"
EndProject
Project("{9A19103F-16F7-4668-BE54-9A1E7A4F7556}") = "ExactOnline.Client.Sdk.PerformanceTests", "test\ExactOnline.Client.Sdk.PerformanceTests\ExactOnline.Client.Sdk.PerformanceTests.csproj", "{6774D611-BC2E-4A95-A107-AFD59D8693D4}"
EndProject
Global
	GlobalSection(SolutionConfigurationPlatforms) = preSolution
		Browser|Any CPU = Browser|Any CPU
		Debug|Any CPU = Debug|Any CPU
		Release|Any CPU = Release|Any CPU
	EndGlobalSection
	GlobalSection(ProjectConfigurationPlatforms) = postSolution
		{EE442AA1-C51A-4531-92DA-A7D9C7B73973}.Browser|Any CPU.ActiveCfg = Release|Any CPU
		{EE442AA1-C51A-4531-92DA-A7D9C7B73973}.Browser|Any CPU.Build.0 = Release|Any CPU
		{EE442AA1-C51A-4531-92DA-A7D9C7B73973}.Debug|Any CPU.ActiveCfg = Debug|Any CPU
		{EE442AA1-C51A-4531-92DA-A7D9C7B73973}.Debug|Any CPU.Build.0 = Debug|Any CPU
		{EE442AA1-C51A-4531-92DA-A7D9C7B73973}.Release|Any CPU.ActiveCfg = Release|Any CPU
		{EE442AA1-C51A-4531-92DA-A7D9C7B73973}.Release|Any CPU.Build.0 = Release|Any CPU
		{0FBE029A-DD5E-0A4A-3EE2-6F330EB60B7C}.Browser|Any CPU.ActiveCfg = Debug|Any CPU
		{0FBE029A-DD5E-0A4A-3EE2-6F330EB60B7C}.Browser|Any CPU.Build.0 = Debug|Any CPU
		{0FBE029A-DD5E-0A4A-3EE2-6F330EB60B7C}.Debug|Any CPU.ActiveCfg = Debug|Any CPU
		{0FBE029A-DD5E-0A4A-3EE2-6F330EB60B7C}.Debug|Any CPU.Build.0 = Debug|Any CPU
		{0FBE029A-DD5E-0A4A-3EE2-6F330EB60B7C}.Release|Any CPU.ActiveCfg = Release|Any CPU
		{0FBE029A-DD5E-0A4A-3EE2-6F330EB60B7C}.Release|Any CPU.Build.0 = Release|Any CPU
		{9F79281E-4A16-4B11-BF2D-83C9412B866B}.Browser|Any CPU.ActiveCfg = Debug|Any CPU
		{9F79281E-4A16-4B11-BF2D-83C9412B866B}.Browser|Any CPU.Build.0 = Debug|Any CPU
		{9F79281E-4A16-4B11-BF2D-83C9412B866B}.Debug|Any CPU.ActiveCfg = Debug|Any CPU
		{9F79281E-4A16-4B11-BF2D-83C9412B866B}.Debug|Any CPU.Build.0 = Debug|Any CPU
		{9F79281E-4A16-4B11-BF2D-83C9412B866B}.Release|Any CPU.ActiveCfg = Release|Any CPU
		{9F79281E-4A16-4B11-BF2D-83C9412B866B}.Release|Any CPU.Build.0 = Release|Any CPU
		{6774D611-BC2E-4A95-A107-AFD59D8693D4}.Browser|Any CPU.ActiveCfg = Debug|Any CPU
		{6774D611-BC2E-4A95-A107-AFD59D8693D4}.Browser|Any CPU.Build.0 = Debug|Any CPU
		{6774D611-BC2E-4A95-A107-AFD59D8693D4}.Debug|Any CPU.ActiveCfg = Debug|Any CPU
		{6774D611-BC2E-4A95-A107-AFD59D8693D4}.Debug|Any CPU.Build.0 = Debug|Any CPU
		{6774D611-BC2E-4A95-A107-AFD59D8693D4}.Release|Any CPU.ActiveCfg = Release|Any CPU
		{6774D611-BC2E-4A95-A107-AFD59D8693D4}.Release|Any CPU.Build.0 = Release|Any CPU
	EndGlobalSection
	GlobalSection(SolutionProperties) = preSolution
		HideSolutionNode = FALSE
	EndGlobalSection
	GlobalSection(NestedProjects) = preSolution
		{EE442AA1-C51A-4531-92DA-A7D9C7B73973} = {B2501CE5-90FE-468A-9614-BB6D9093508D}
		{0FBE029A-DD5E-0A4A-3EE2-6F330EB60B7C} = {B2501CE5-90FE-468A-9614-BB6D9093508D}
		{9F79281E-4A16-4B11-BF2D-83C9412B866B} = {3F1610DB-DF11-43C3-B024-427B17186896}
		{6774D611-BC2E-4A95-A107-AFD59D8693D4} = {3F1610DB-DF11-43C3-B024-427B17186896}
	EndGlobalSection
	GlobalSection(ExtensibilityGlobals) = postSolution
		SolutionGuid = {196FED2E-FC3C-402C-8CF2-6B913287B70E}
	EndGlobalSection
EndGlobal
